
Microsoft Visual Studio Solution File, Format Version 12.00
# Visual Studio Version 17
VisualStudioVersion = 17.11.35222.181
MinimumVisualStudioVersion = 10.0.40219.1
Project("{FAE04EC0-301F-11D3-BF4B-00C04F79EFBC}") = "приложение", "приложение\приложение.csproj", "{312DC6FA-662B-42E7-BB58-E275D8518D40}"
EndProject
Global
	GlobalSection(SolutionConfigurationPlatforms) = preSolution
		Debug|Any CPU = Debug|Any CPU
		Release|Any CPU = Release|Any CPU
	EndGlobalSection
	GlobalSection(ProjectConfigurationPlatforms) = postSolution
		{312DC6FA-662B-42E7-BB58-E275D8518D40}.Debug|Any CPU.ActiveCfg = Debug|Any CPU
		{312DC6FA-662B-42E7-BB58-E275D8518D40}.Debug|Any CPU.Build.0 = Debug|Any CPU
		{312DC6FA-662B-42E7-BB58-E275D8518D40}.Release|Any CPU.ActiveCfg = Release|Any CPU
		{312DC6FA-662B-42E7-BB58-E275D8518D40}.Release|Any CPU.Build.0 = Release|Any CPU
	EndGlobalSection
	GlobalSection(SolutionProperties) = preSolution
		HideSolutionNode = FALSE
	EndGlobalSection
	GlobalSection(ExtensibilityGlobals) = postSolution
		SolutionGuid = {82BD9000-54DE-4FBB-80B1-3D5A01C4965F}
	EndGlobalSection
EndGlobal
